Microsoft Visual Studio Solution File, Format Version 12.00
# Visual Studio Version 17
VisualStudioVersion = 17.13.35931.197
MinimumVisualStudioVersion = 10.0.40219.1
Project("{FAE04EC0-301F-11D3-BF4B-00C04F79EFBC}") = "ThiGK", "ThiGK.csproj", "{EA915CEF-7064-479F-B355-0A6A56A02B53}"
EndProject
Global
	GlobalSection(SolutionConfigurationPlatforms) = preSolution
		Debug|Any CPU = Debug|Any CPU
		Release|Any CPU = Release|Any CPU
	EndGlobalSection
	GlobalSection(ProjectConfigurationPlatforms) = postSolution
		{EA915CEF-7064-479F-B355-0A6A56A02B53}.Debug|Any CPU.ActiveCfg = Debug|Any CPU
		{EA915CEF-7064-479F-B355-0A6A56A02B53}.Debug|Any CPU.Build.0 = Debug|Any CPU
		{EA915CEF-7064-479F-B355-0A6A56A02B53}.Release|Any CPU.ActiveCfg = Release|Any CPU
		{EA915CEF-7064-479F-B355-0A6A56A02B53}.Release|Any CPU.Build.0 = Release|Any CPU
	EndGlobalSection
	GlobalSection(SolutionProperties) = preSolution
		HideSolutionNode = FALSE
	EndGlobalSection
	GlobalSection(ExtensibilityGlobals) = postSolution
		SolutionGuid = {73C79746-C127-45BC-8262-0B9A0080505C}
	EndGlobalSection
EndGlobal
